
Microsoft Visual Studio Solution File, Format Version 12.00
# Visual Studio Version 16
VisualStudioVersion = 16.0.32413.511
MinimumVisualStudioVersion = 10.0.40219.1
Project("{FAE04EC0-301F-11D3-BF4B-00C04F79EFBC}") = "0616_final_410919954", "0616_final_410919954\0616_final_410919954.csproj", "{7369AD68-5A76-4631-93D2-EA3C72EBD8E9}"
EndProject
Global
	GlobalSection(SolutionConfigurationPlatforms) = preSolution
		Debug|Any CPU = Debug|Any CPU
		Release|Any CPU = Release|Any CPU
	EndGlobalSection
	GlobalSection(ProjectConfigurationPlatforms) = postSolution
		{7369AD68-5A76-4631-93D2-EA3C72EBD8E9}.Debug|Any CPU.ActiveCfg = Debug|Any CPU
		{7369AD68-5A76-4631-93D2-EA3C72EBD8E9}.Debug|Any CPU.Build.0 = Debug|Any CPU
		{7369AD68-5A76-4631-93D2-EA3C72EBD8E9}.Release|Any CPU.ActiveCfg = Release|Any CPU
		{7369AD68-5A76-4631-93D2-EA3C72EBD8E9}.Release|Any CPU.Build.0 = Release|Any CPU
	EndGlobalSection
	GlobalSection(SolutionProperties) = preSolution
		HideSolutionNode = FALSE
	EndGlobalSection
	GlobalSection(ExtensibilityGlobals) = postSolution
		SolutionGuid = {E8148FBA-A562-47FE-BAF9-A75F9CAF4B57}
	EndGlobalSection
EndGlobal
